// !$*UTF8*$!
{
	archiveVersion = 1;
	classes = {
	};
	objectVersion = 48;
	objects = {

/* Begin PBXBuildFile section */
		6A54909B20564BB3004BEB90 /* libxml2.tbd in Frameworks */ = {isa = PBXBuildFile; fileRef = 6A54909A20564BB3004BEB90 /* libxml2.tbd */; };
		6A6A95E72057CBBE0091E416 /* MonthSaleViewController.m in Sources */ = {isa = PBXBuildFile; fileRef = 6A6A95E52057CBBE0091E416 /* MonthSaleViewController.m */; };
		6A6A95E82057CBBE0091E416 /* MonthSaleViewController.xib in Resources */ = {isa = PBXBuildFile; fileRef = 6A6A95E62057CBBE0091E416 /* MonthSaleViewController.xib */; };
		6A6A95EC2057CDE60091E416 /* QFDatePickerView.m in Sources */ = {isa = PBXBuildFile; fileRef = 6A6A95EA2057CDE60091E416 /* QFDatePickerView.m */; };
		6A7B152D204FF92200EFC9B8 /* AppDelegate.m in Sources */ = {isa = PBXBuildFile; fileRef = 6A7B152C204FF92200EFC9B8 /* AppDelegate.m */; };
		6A7B1530204FF92200EFC9B8 /* ViewController.m in Sources */ = {isa = PBXBuildFile; fileRef = 6A7B152F204FF92200EFC9B8 /* ViewController.m */; };
		6A7B1533204FF92200EFC9B8 /* Main.storyboard in Resources */ = {isa = PBXBuildFile; fileRef = 6A7B1531204FF92200EFC9B8 /* Main.storyboard */; };
		6A7B1535204FF92200EFC9B8 /* Assets.xcassets in Resources */ = {isa = PBXBuildFile; fileRef = 6A7B1534204FF92200EFC9B8 /* Assets.xcassets */; };
		6A7B1538204FF92200EFC9B8 /* LaunchScreen.storyboard in Resources */ = {isa = PBXBuildFile; fileRef = 6A7B1536204FF92200EFC9B8 /* LaunchScreen.storyboard */; };
		6A7B153B204FF92200EFC9B8 /* main.m in Sources */ = {isa = PBXBuildFile; fileRef = 6A7B153A204FF92200EFC9B8 /* main.m */; };
		6A7B1542204FF9A300EFC9B8 /* libsqlite3.0.tbd in Frameworks */ = {isa = PBXBuildFile; fileRef = 6A7B1541204FF9A300EFC9B8 /* libsqlite3.0.tbd */; };
		6A7B1559205290B900EFC9B8 /* DLLRUCache.m in Sources */ = {isa = PBXBuildFile; fileRef = 6A7B1549205290B900EFC9B8 /* DLLRUCache.m */; };
		6A7B155A205290B900EFC9B8 /* DLTabedSlideView.m in Sources */ = {isa = PBXBuildFile; fileRef = 6A7B154F205290B900EFC9B8 /* DLTabedSlideView.m */; };
		6A7B155B205290B900EFC9B8 /* DLScrollTabbarView.m in Sources */ = {isa = PBXBuildFile; fileRef = 6A7B1554205290B900EFC9B8 /* DLScrollTabbarView.m */; };
		6A7B155C205290B900EFC9B8 /* DLFixedTabbarView.m in Sources */ = {isa = PBXBuildFile; fileRef = 6A7B1555205290B900EFC9B8 /* DLFixedTabbarView.m */; };
		6A7B155D205290B900EFC9B8 /* DLUtility.m in Sources */ = {isa = PBXBuildFile; fileRef = 6A7B1556205290B900EFC9B8 /* DLUtility.m */; };
		6A7B155E205290B900EFC9B8 /* DLCustomSlideView.m in Sources */ = {isa = PBXBuildFile; fileRef = 6A7B1557205290B900EFC9B8 /* DLCustomSlideView.m */; };
		6A7B155F205290B900EFC9B8 /* DLSlideView.m in Sources */ = {isa = PBXBuildFile; fileRef = 6A7B1558205290B900EFC9B8 /* DLSlideView.m */; };
		6A7B1563205291BC00EFC9B8 /* SaleViewController.m in Sources */ = {isa = PBXBuildFile; fileRef = 6A7B1561205291BC00EFC9B8 /* SaleViewController.m */; };
		6A7B1564205291BC00EFC9B8 /* SaleViewController.xib in Resources */ = {isa = PBXBuildFile; fileRef = 6A7B1562205291BC00EFC9B8 /* SaleViewController.xib */; };
		6AAF3B77205A4C4900FCC36F /* DetailViewController.m in Sources */ = {isa = PBXBuildFile; fileRef = 6AAF3B76205A4C4900FCC36F /* DetailViewController.m */; };
		6AAF3B79205A522E00FCC36F /* detail.html in Resources */ = {isa = PBXBuildFile; fileRef = 6AAF3B78205A522E00FCC36F /* detail.html */; };
		6ADD81472058BF4D00C5ACB0 /* MonthSaleTableCell.m in Sources */ = {isa = PBXBuildFile; fileRef = 6ADD81452058BF4D00C5ACB0 /* MonthSaleTableCell.m */; };
		6ADD81482058BF4D00C5ACB0 /* MonthSaleTableCell.xib in Resources */ = {isa = PBXBuildFile; fileRef = 6ADD81462058BF4D00C5ACB0 /* MonthSaleTableCell.xib */; };
		E8B5ACD27C4F0723D346A9D6 /* libPods-Sales.a in Frameworks */ = {isa = PBXBuildFile; fileRef = 22360110F247C8FDEBC1A135 /* libPods-Sales.a */; };
/* End PBXBuildFile section */

/* Begin PBXFileReference section */
		22360110F247C8FDEBC1A135 /* libPods-Sales.a */ = {isa = PBXFileReference; explicitFileType = archive.ar; includeInIndex = 0; path = "libPods-Sales.a"; sourceTree = BUILT_PRODUCTS_DIR; };
		4F9AD6E0DD45285980590E5A /* Pods-Sales.release.xcconfig */ = {isa = PBXFileReference; includeInIndex = 1; lastKnownFileType = text.xcconfig; name = "Pods-Sales.release.xcconfig"; path = "Pods/Target Support Files/Pods-Sales/Pods-Sales.release.xcconfig"; sourceTree = "<group>"; };
		55D9BF925E1AE7560D83B2AB /* Pods-Sales.debug.xcconfig */ = {isa = PBXFileReference; includeInIndex = 1; lastKnownFileType = text.xcconfig; name = "Pods-Sales.debug.xcconfig"; path = "Pods/Target Support Files/Pods-Sales/Pods-Sales.debug.xcconfig"; sourceTree = "<group>"; };
		6A54909A20564BB3004BEB90 /* libxml2.tbd */ = {isa = PBXFileReference; lastKnownFileType = "sourcecode.text-based-dylib-definition"; name = libxml2.tbd; path = usr/lib/libxml2.tbd; sourceTree = SDKROOT; };
		6A6A95E42057CBBE0091E416 /* MonthSaleViewController.h */ = {isa = PBXFileReference; lastKnownFileType = sourcecode.c.h; path = MonthSaleViewController.h; sourceTree = "<group>"; };
		6A6A95E52057CBBE0091E416 /* MonthSaleViewController.m */ = {isa = PBXFileReference; lastKnownFileType = sourcecode.c.objc; path = MonthSaleViewController.m; sourceTree = "<group>"; };
		6A6A95E62057CBBE0091E416 /* MonthSaleViewController.xib */ = {isa = PBXFileReference; lastKnownFileType = file.xib; path = MonthSaleViewController.xib; sourceTree = "<group>"; };
		6A6A95EA2057CDE60091E416 /* QFDatePickerView.m */ = {isa = PBXFileReference; fileEncoding = 4; lastKnownFileType = sourcecode.c.objc; path = QFDatePickerView.m; sourceTree = "<group>"; };
		6A6A95EB2057CDE60091E416 /* QFDatePickerView.h */ = {isa = PBXFileReference; fileEncoding = 4; lastKnownFileType = sourcecode.c.h; path = QFDatePickerView.h; sourceTree = "<group>"; };
		6A7B1528204FF92200EFC9B8 /* Sales.app */ = {isa = PBXFileReference; explicitFileType = wrapper.application; includeInIndex = 0; path = Sales.app; sourceTree = BUILT_PRODUCTS_DIR; };
		6A7B152B204FF92200EFC9B8 /* AppDelegate.h */ = {isa = PBXFileReference; lastKnownFileType = sourcecode.c.h; path = AppDelegate.h; sourceTree = "<group>"; };
		6A7B152C204FF92200EFC9B8 /* AppDelegate.m */ = {isa = PBXFileReference; lastKnownFileType = sourcecode.c.objc; path = AppDelegate.m; sourceTree = "<group>"; };
		6A7B152E204FF92200EFC9B8 /* ViewController.h */ = {isa = PBXFileReference; lastKnownFileType = sourcecode.c.h; path = ViewController.h; sourceTree = "<group>"; };
		6A7B152F204FF92200EFC9B8 /* ViewController.m */ = {isa = PBXFileReference; lastKnownFileType = sourcecode.c.objc; path = ViewController.m; sourceTree = "<group>"; };
		6A7B1532204FF92200EFC9B8 /* Base */ = {isa = PBXFileReference; lastKnownFileType = file.storyboard; name = Base; path = Base.lproj/Main.storyboard; sourceTree = "<group>"; };
		6A7B1534204FF92200EFC9B8 /* Assets.xcassets */ = {isa = PBXFileReference; lastKnownFileType = folder.assetcatalog; path = Assets.xcassets; sourceTree = "<group>"; };
		6A7B1537204FF92200EFC9B8 /* Base */ = {isa = PBXFileReference; lastKnownFileType = file.storyboard; name = Base; path = Base.lproj/LaunchScreen.storyboard; sourceTree = "<group>"; };
		6A7B1539204FF92200EFC9B8 /* Info.plist */ = {isa = PBXFileReference; lastKnownFileType = text.plist.xml; path = Info.plist; sourceTree = "<group>"; };
		6A7B153A204FF92200EFC9B8 /* main.m */ = {isa = PBXFileReference; lastKnownFileType = sourcecode.c.objc; path = main.m; sourceTree = "<group>"; };
		6A7B1541204FF9A300EFC9B8 /* libsqlite3.0.tbd */ = {isa = PBXFileReference; lastKnownFileType = "sourcecode.text-based-dylib-definition"; name = libsqlite3.0.tbd; path = usr/lib/libsqlite3.0.tbd; sourceTree = SDKROOT; };
		6A7B1547205290B900EFC9B8 /* DLTabedSlideView.h */ = {isa = PBXFileReference; fileEncoding = 4; lastKnownFileType = sourcecode.c.h; path = DLTabedSlideView.h; sourceTree = "<group>"; };
		6A7B1549205290B900EFC9B8 /* DLLRUCache.m */ = {isa = PBXFileReference; fileEncoding = 4; lastKnownFileType = sourcecode.c.objc; path = DLLRUCache.m; sourceTree = "<group>"; };
		6A7B154A205290B900EFC9B8 /* DLCacheProtocol.h */ = {isa = PBXFileReference; fileEncoding = 4; lastKnownFileType = sourcecode.c.h; path = DLCacheProtocol.h; sourceTree = "<group>"; };
		6A7B154B205290B900EFC9B8 /* DLLRUCache.h */ = {isa = PBXFileReference; fileEncoding = 4; lastKnownFileType = sourcecode.c.h; path = DLLRUCache.h; sourceTree = "<group>"; };
		6A7B154C205290B900EFC9B8 /* DLUtility.h */ = {isa = PBXFileReference; fileEncoding = 4; lastKnownFileType = sourcecode.c.h; path = DLUtility.h; sourceTree = "<group>"; };
		6A7B154D205290B900EFC9B8 /* DLSlideView.h */ = {isa = PBXFileReference; fileEncoding = 4; lastKnownFileType = sourcecode.c.h; path = DLSlideView.h; sourceTree = "<group>"; };
		6A7B154E205290B900EFC9B8 /* DLCustomSlideView.h */ = {isa = PBXFileReference; fileEncoding = 4; lastKnownFileType = sourcecode.c.h; path = DLCustomSlideView.h; sourceTree = "<group>"; };
		6A7B154F205290B900EFC9B8 /* DLTabedSlideView.m */ = {isa = PBXFileReference; fileEncoding = 4; lastKnownFileType = sourcecode.c.objc; path = DLTabedSlideView.m; sourceTree = "<group>"; };
		6A7B1551205290B900EFC9B8 /* DLSlideTabbarProtocol.h */ = {isa = PBXFileReference; fileEncoding = 4; lastKnownFileType = sourcecode.c.h; path = DLSlideTabbarProtocol.h; sourceTree = "<group>"; };
		6A7B1552205290B900EFC9B8 /* DLScrollTabbarView.h */ = {isa = PBXFileReference; fileEncoding = 4; lastKnownFileType = sourcecode.c.h; path = DLScrollTabbarView.h; sourceTree = "<group>"; };
		6A7B1553205290B900EFC9B8 /* DLFixedTabbarView.h */ = {isa = PBXFileReference; fileEncoding = 4; lastKnownFileType = sourcecode.c.h; path = DLFixedTabbarView.h; sourceTree = "<group>"; };
		6A7B1554205290B900EFC9B8 /* DLScrollTabbarView.m */ = {isa = PBXFileReference; fileEncoding = 4; lastKnownFileType = sourcecode.c.objc; path = DLScrollTabbarView.m; sourceTree = "<group>"; };
		6A7B1555205290B900EFC9B8 /* DLFixedTabbarView.m */ = {isa = PBXFileReference; fileEncoding = 4; lastKnownFileType = sourcecode.c.objc; path = DLFixedTabbarView.m; sourceTree = "<group>"; };
		6A7B1556205290B900EFC9B8 /* DLUtility.m */ = {isa = PBXFileReference; fileEncoding = 4; lastKnownFileType = sourcecode.c.objc; path = DLUtility.m; sourceTree = "<group>"; };
		6A7B1557205290B900EFC9B8 /* DLCustomSlideView.m */ = {isa = PBXFileReference; fileEncoding = 4; lastKnownFileType = sourcecode.c.objc; path = DLCustomSlideView.m; sourceTree = "<group>"; };
		6A7B1558205290B900EFC9B8 /* DLSlideView.m */ = {isa = PBXFileReference; fileEncoding = 4; lastKnownFileType = sourcecode.c.objc; path = DLSlideView.m; sourceTree = "<group>"; };
		6A7B1560205291BC00EFC9B8 /* SaleViewController.h */ = {isa = PBXFileReference; lastKnownFileType = sourcecode.c.h; path = SaleViewController.h; sourceTree = "<group>"; };
		6A7B1561205291BC00EFC9B8 /* SaleViewController.m */ = {isa = PBXFileReference; lastKnownFileType = sourcecode.c.objc; path = SaleViewController.m; sourceTree = "<group>"; };
		6A7B1562205291BC00EFC9B8 /* SaleViewController.xib */ = {isa = PBXFileReference; lastKnownFileType = file.xib; path = SaleViewController.xib; sourceTree = "<group>"; };
		6AA717B3205F53C3007473FC /* PrefixHeader.pch */ = {isa = PBXFileReference; lastKnownFileType = sourcecode.c.h; path = PrefixHeader.pch; sourceTree = "<group>"; };
		6AAF3B75205A4C4900FCC36F /* DetailViewController.h */ = {isa = PBXFileReference; lastKnownFileType = sourcecode.c.h; path = DetailViewController.h; sourceTree = "<group>"; };
		6AAF3B76205A4C4900FCC36F /* DetailViewController.m */ = {isa = PBXFileReference; lastKnownFileType = sourcecode.c.objc; path = DetailViewController.m; sourceTree = "<group>"; };
		6AAF3B78205A522E00FCC36F /* detail.html */ = {isa = PBXFileReference; fileEncoding = 4; lastKnownFileType = text.html; path = detail.html; sourceTree = "<group>"; };
		6ADD81442058BF4D00C5ACB0 /* MonthSaleTableCell.h */ = {isa = PBXFileReference; lastKnownFileType = sourcecode.c.h; path = MonthSaleTableCell.h; sourceTree = "<group>"; };
		6ADD81452058BF4D00C5ACB0 /* MonthSaleTableCell.m */ = {isa = PBXFileReference; lastKnownFileType = sourcecode.c.objc; path = MonthSaleTableCell.m; sourceTree = "<group>"; };
		6ADD81462058BF4D00C5ACB0 /* MonthSaleTableCell.xib */ = {isa = PBXFileReference; lastKnownFileType = file.xib; path = MonthSaleTableCell.xib; sourceTree = "<group>"; };
/* End PBXFileReference section */

/* Begin PBXFrameworksBuildPhase section */
		6A7B1525204FF92200EFC9B8 /* Frameworks */ = {
			isa = PBXFrameworksBuildPhase;
			buildActionMask = 2147483647;
			files = (
				6A54909B20564BB3004BEB90 /* libxml2.tbd in Frameworks */,
				6A7B1542204FF9A300EFC9B8 /* libsqlite3.0.tbd in Frameworks */,
				E8B5ACD27C4F0723D346A9D6 /* libPods-Sales.a in Frameworks */,
			);
			runOnlyForDeploymentPostprocessing = 0;
		};
/* End PBXFrameworksBuildPhase section */

/* Begin PBXGroup section */
		20C905C19081977D58E86B29 /* Pods */ = {
			isa = PBXGroup;
			children = (
				55D9BF925E1AE7560D83B2AB /* Pods-Sales.debug.xcconfig */,
				4F9AD6E0DD45285980590E5A /* Pods-Sales.release.xcconfig */,
			);
			name = Pods;
			sourceTree = "<group>";
		};
		6A6A95E92057CDE60091E416 /* QFDatePickerView */ = {
			isa = PBXGroup;
			children = (
				6A6A95EB2057CDE60091E416 /* QFDatePickerView.h */,
				6A6A95EA2057CDE60091E416 /* QFDatePickerView.m */,
			);
			path = QFDatePickerView;
			sourceTree = "<group>";
		};
		6A7B151F204FF92100EFC9B8 = {
			isa = PBXGroup;
			children = (
				6A7B152A204FF92200EFC9B8 /* Sales */,
				6A7B1529204FF92200EFC9B8 /* Products */,
				20C905C19081977D58E86B29 /* Pods */,
				A31BB40A4303D530BBAFE551 /* Frameworks */,
			);
			sourceTree = "<group>";
		};
		6A7B1529204FF92200EFC9B8 /* Products */ = {
			isa = PBXGroup;
			children = (
				6A7B1528204FF92200EFC9B8 /* Sales.app */,
			);
			name = Products;
			sourceTree = "<group>";
		};
		6A7B152A204FF92200EFC9B8 /* Sales */ = {
			isa = PBXGroup;
			children = (
				6A7B15452052909000EFC9B8 /* Vender */,
				6A7B152B204FF92200EFC9B8 /* AppDelegate.h */,
				6A7B152C204FF92200EFC9B8 /* AppDelegate.m */,
				6A7B152E204FF92200EFC9B8 /* ViewController.h */,
				6A7B152F204FF92200EFC9B8 /* ViewController.m */,
				6A7B1531204FF92200EFC9B8 /* Main.storyboard */,
				6A7B1560205291BC00EFC9B8 /* SaleViewController.h */,
				6A7B1561205291BC00EFC9B8 /* SaleViewController.m */,
				6A7B1562205291BC00EFC9B8 /* SaleViewController.xib */,
				6A6A95E42057CBBE0091E416 /* MonthSaleViewController.h */,
				6A6A95E52057CBBE0091E416 /* MonthSaleViewController.m */,
				6A6A95E62057CBBE0091E416 /* MonthSaleViewController.xib */,
				6ADD81442058BF4D00C5ACB0 /* MonthSaleTableCell.h */,
				6ADD81452058BF4D00C5ACB0 /* MonthSaleTableCell.m */,
				6ADD81462058BF4D00C5ACB0 /* MonthSaleTableCell.xib */,
				6AAF3B75205A4C4900FCC36F /* DetailViewController.h */,
				6AAF3B76205A4C4900FCC36F /* DetailViewController.m */,
				6AAF3B78205A522E00FCC36F /* detail.html */,
				6A7B1534204FF92200EFC9B8 /* Assets.xcassets */,
				6A7B1536204FF92200EFC9B8 /* LaunchScreen.storyboard */,
				6A7B1539204FF92200EFC9B8 /* Info.plist */,
				6AA717B3205F53C3007473FC /* PrefixHeader.pch */,
				6A7B153A204FF92200EFC9B8 /* main.m */,
			);
			path = Sales;
			sourceTree = "<group>";
		};
		6A7B15452052909000EFC9B8 /* Vender */ = {
			isa = PBXGroup;
			children = (
				6A6A95E92057CDE60091E416 /* QFDatePickerView */,
				6A7B1546205290B900EFC9B8 /* DLSlideView */,
			);
			path = Vender;
			sourceTree = "<group>";
		};
		6A7B1546205290B900EFC9B8 /* DLSlideView */ = {
			isa = PBXGroup;
			children = (
				6A7B1547205290B900EFC9B8 /* DLTabedSlideView.h */,
				6A7B1548205290B900EFC9B8 /* DLCache */,
				6A7B154C205290B900EFC9B8 /* DLUtility.h */,
				6A7B154D205290B900EFC9B8 /* DLSlideView.h */,
				6A7B154E205290B900EFC9B8 /* DLCustomSlideView.h */,
				6A7B154F205290B900EFC9B8 /* DLTabedSlideView.m */,
				6A7B1550205290B900EFC9B8 /* DLTabbarView */,
				6A7B1556205290B900EFC9B8 /* DLUtility.m */,
				6A7B1557205290B900EFC9B8 /* DLCustomSlideView.m */,
				6A7B1558205290B900EFC9B8 /* DLSlideView.m */,
			);
			path = DLSlideView;
			sourceTree = "<group>";
		};
		6A7B1548205290B900EFC9B8 /* DLCache */ = {
			isa = PBXGroup;
			children = (
				6A7B1549205290B900EFC9B8 /* DLLRUCache.m */,
				6A7B154A205290B900EFC9B8 /* DLCacheProtocol.h */,
				6A7B154B205290B900EFC9B8 /* DLLRUCache.h */,
			);
			path = DLCache;
			sourceTree = "<group>";
		};
		6A7B1550205290B900EFC9B8 /* DLTabbarView */ = {
			isa = PBXGroup;
			children = (
				6A7B1551205290B900EFC9B8 /* DLSlideTabbarProtocol.h */,
				6A7B1552205290B900EFC9B8 /* DLScrollTabbarView.h */,
				6A7B1553205290B900EFC9B8 /* DLFixedTabbarView.h */,
				6A7B1554205290B900EFC9B8 /* DLScrollTabbarView.m */,
				6A7B1555205290B900EFC9B8 /* DLFixedTabbarView.m */,
			);
			path = DLTabbarView;
			sourceTree = "<group>";
		};
		A31BB40A4303D530BBAFE551 /* Frameworks */ = {
			isa = PBXGroup;
			children = (
				6A54909A20564BB3004BEB90 /* libxml2.tbd */,
				6A7B1541204FF9A300EFC9B8 /* libsqlite3.0.tbd */,
				22360110F247C8FDEBC1A135 /* libPods-Sales.a */,
			);
			name = Frameworks;
			sourceTree = "<group>";
		};
/* End PBXGroup section */

/* Begin PBXNativeTarget section */
		6A7B1527204FF92200EFC9B8 /* Sales */ = {
			isa = PBXNativeTarget;
			buildConfigurationList = 6A7B153E204FF92200EFC9B8 /* Build configuration list for PBXNativeTarget "Sales" */;
			buildPhases = (
				830F1EA07A3A12A1AEF110D0 /* [CP] Check Pods Manifest.lock */,
				6A7B1524204FF92200EFC9B8 /* Sources */,
				6A7B1525204FF92200EFC9B8 /* Frameworks */,
				6A7B1526204FF92200EFC9B8 /* Resources */,
				680D2B60D7591042E6D719F4 /* [CP] Embed Pods Frameworks */,
				6245BCF8A315D3C2D9D51B3A /* [CP] Copy Pods Resources */,
			);
			buildRules = (
			);
			dependencies = (
			);
			name = Sales;
			productName = Sales;
			productReference = 6A7B1528204FF92200EFC9B8 /* Sales.app */;
			productType = "com.apple.product-type.application";
		};
/* End PBXNativeTarget section */

/* Begin PBXProject section */
		6A7B1520204FF92100EFC9B8 /* Project object */ = {
			isa = PBXProject;
			attributes = {
				LastUpgradeCheck = 0920;
				ORGANIZATIONNAME = hanfeng;
				TargetAttributes = {
					6A7B1527204FF92200EFC9B8 = {
						CreatedOnToolsVersion = 9.2;
						ProvisioningStyle = Automatic;
					};
				};
			};
			buildConfigurationList = 6A7B1523204FF92100EFC9B8 /* Build configuration list for PBXProject "Sales" */;
			compatibilityVersion = "Xcode 8.0";
			developmentRegion = en;
			hasScannedForEncodings = 0;
			knownRegions = (
				en,
				Base,
			);
			mainGroup = 6A7B151F204FF92100EFC9B8;
			productRefGroup = 6A7B1529204FF92200EFC9B8 /* Products */;
			projectDirPath = "";
			projectRoot = "";
			targets = (
				6A7B1527204FF92200EFC9B8 /* Sales */,
			);
		};
/* End PBXProject section */

/* Begin PBXResourcesBuildPhase section */
		6A7B1526204FF92200EFC9B8 /* Resources */ = {
			isa = PBXResourcesBuildPhase;
			buildActionMask = 2147483647;
			files = (
				6A6A95E82057CBBE0091E416 /* MonthSaleViewController.xib in Resources */,
				6A7B1538204FF92200EFC9B8 /* LaunchScreen.storyboard in Resources */,
				6A7B1535204FF92200EFC9B8 /* Assets.xcassets in Resources */,
				6A7B1533204FF92200EFC9B8 /* Main.storyboard in Resources */,
				6ADD81482058BF4D00C5ACB0 /* MonthSaleTableCell.xib in Resources */,
				6A7B1564205291BC00EFC9B8 /* SaleViewController.xib in Resources */,
				6AAF3B79205A522E00FCC36F /* detail.html in Resources */,
			);
			runOnlyForDeploymentPostprocessing = 0;
		};
/* End PBXResourcesBuildPhase section */

/* Begin PBXShellScriptBuildPhase section */
		6245BCF8A315D3C2D9D51B3A /* [CP] Copy Pods Resources */ = {
			isa = PBXShellScriptBuildPhase;
			buildActionMask = 2147483647;
			files = (
			);
			inputPaths = (
			);
			name = "[CP] Copy Pods Resources";
			outputPaths = (
			);
			runOnlyForDeploymentPostprocessing = 0;
			shellPath = /bin/sh;
			shellScript = "\"${SRCROOT}/Pods/Target Support Files/Pods-Sales/Pods-Sales-resources.sh\"\n";
			showEnvVarsInLog = 0;
		};
		680D2B60D7591042E6D719F4 /* [CP] Embed Pods Frameworks */ = {
			isa = PBXShellScriptBuildPhase;
			buildActionMask = 2147483647;
			files = (
			);
			inputPaths = (
			);
			name = "[CP] Embed Pods Frameworks";
			outputPaths = (
			);
			runOnlyForDeploymentPostprocessing = 0;
			shellPath = /bin/sh;
			shellScript = "\"${SRCROOT}/Pods/Target Support Files/Pods-Sales/Pods-Sales-frameworks.sh\"\n";
			showEnvVarsInLog = 0;
		};
		830F1EA07A3A12A1AEF110D0 /* [CP] Check Pods Manifest.lock */ = {
			isa = PBXShellScriptBuildPhase;
			buildActionMask = 2147483647;
			files = (
			);
			inputPaths = (
				"${PODS_PODFILE_DIR_PATH}/Podfile.lock",
				"${PODS_ROOT}/Manifest.lock",
			);
			name = "[CP] Check Pods Manifest.lock";
			outputPaths = (
				"$(DERIVED_FILE_DIR)/Pods-Sales-checkManifestLockResult.txt",
			);
			runOnlyForDeploymentPostprocessing = 0;
			shellPath = /bin/sh;
			shellScript = "diff \"${PODS_PODFILE_DIR_PATH}/Podfile.lock\" \"${PODS_ROOT}/Manifest.lock\" > /dev/null\nif [ $? != 0 ] ; then\n    # print error to STDERR\n    echo \"error: The sandbox is not in sync with the Podfile.lock. Run 'pod install' or update your CocoaPods installation.\" >&2\n    exit 1\nfi\n# This output is used by Xcode 'outputs' to avoid re-running this script phase.\necho \"SUCCESS\" > \"${SCRIPT_OUTPUT_FILE_0}\"\n";
			showEnvVarsInLog = 0;
		};
/* End PBXShellScriptBuildPhase section */

/* Begin PBXSourcesBuildPhase section */
		6A7B1524204FF92200EFC9B8 /* Sources */ = {
			isa = PBXSourcesBuildPhase;
			buildActionMask = 2147483647;
			files = (
				6A7B1530204FF92200EFC9B8 /* ViewController.m in Sources */,
				6A7B155A205290B900EFC9B8 /* DLTabedSlideView.m in Sources */,
				6A6A95E72057CBBE0091E416 /* MonthSaleViewController.m in Sources */,
				6A7B155F205290B900EFC9B8 /* DLSlideView.m in Sources */,
				6ADD81472058BF4D00C5ACB0 /* MonthSaleTableCell.m in Sources */,
				6AAF3B77205A4C4900FCC36F /* DetailViewController.m in Sources */,
				6A7B155D205290B900EFC9B8 /* DLUtility.m in Sources */,
				6A7B153B204FF92200EFC9B8 /* main.m in Sources */,
				6A7B155E205290B900EFC9B8 /* DLCustomSlideView.m in Sources */,
				6A7B1563205291BC00EFC9B8 /* SaleViewController.m in Sources */,
				6A7B1559205290B900EFC9B8 /* DLLRUCache.m in Sources */,
				6A7B152D204FF92200EFC9B8 /* AppDelegate.m in Sources */,
				6A7B155B205290B900EFC9B8 /* DLScrollTabbarView.m in Sources */,
				6A7B155C205290B900EFC9B8 /* DLFixedTabbarView.m in Sources */,
				6A6A95EC2057CDE60091E416 /* QFDatePickerView.m in Sources */,
			);
			runOnlyForDeploymentPostprocessing = 0;
		};
/* End PBXSourcesBuildPhase section */

/* Begin PBXVariantGroup section */
		6A7B1531204FF92200EFC9B8 /* Main.storyboard */ = {
			isa = PBXVariantGroup;
			children = (
				6A7B1532204FF92200EFC9B8 /* Base */,
			);
			name = Main.storyboard;
			sourceTree = "<group>";
		};
		6A7B1536204FF92200EFC9B8 /* LaunchScreen.storyboard */ = {
			isa = PBXVariantGroup;
			children = (
				6A7B1537204FF92200EFC9B8 /* Base */,
			);
			name = LaunchScreen.storyboard;
			sourceTree = "<group>";
		};
/* End PBXVariantGroup section */

/* Begin XCBuildConfiguration section */
		6A7B153C204FF92200EFC9B8 /* Debug */ = {
			isa = XCBuildConfiguration;
			buildSettings = {
				ALWAYS_SEARCH_USER_PATHS = NO;
				CLANG_ANALYZER_NONNULL = YES;
				CLANG_ANALYZER_NUMBER_OBJECT_CONVERSION = YES_AGGRESSIVE;
				CLANG_CXX_LANGUAGE_STANDARD = "gnu++14";
				CLANG_CXX_LIBRARY = "libc++";
				CLANG_ENABLE_MODULES = YES;
				CLANG_ENABLE_OBJC_ARC = YES;
				CLANG_WARN_BLOCK_CAPTURE_AUTORELEASING = YES;
				CLANG_WARN_BOOL_CONVERSION = YES;
				CLANG_WARN_COMMA = YES;
				CLANG_WARN_CONSTANT_CONVERSION = YES;
				CLANG_WARN_DIRECT_OBJC_ISA_USAGE = YES_ERROR;
				CLANG_WARN_DOCUMENTATION_COMMENTS = YES;
				CLANG_WARN_EMPTY_BODY = YES;
				CLANG_WARN_ENUM_CONVERSION = YES;
				CLANG_WARN_INFINITE_RECURSION = YES;
				CLANG_WARN_INT_CONVERSION = YES;
				CLANG_WARN_NON_LITERAL_NULL_CONVERSION = YES;
				CLANG_WARN_OBJC_LITERAL_CONVERSION = YES;
				CLANG_WARN_OBJC_ROOT_CLASS = YES_ERROR;
				CLANG_WARN_RANGE_LOOP_ANALYSIS = YES;
				CLANG_WARN_STRICT_PROTOTYPES = YES;
				CLANG_WARN_SUSPICIOUS_MOVE = YES;
				CLANG_WARN_UNGUARDED_AVAILABILITY = YES_AGGRESSIVE;
				CLANG_WARN_UNREACHABLE_CODE = YES;
				CLANG_WARN__DUPLICATE_METHOD_MATCH = YES;
				CODE_SIGN_IDENTITY = "iPhone Developer";
				COPY_PHASE_STRIP = NO;
				DEBUG_INFORMATION_FORMAT = dwarf;
				ENABLE_STRICT_OBJC_MSGSEND = YES;
				ENABLE_TESTABILITY = YES;
				GCC_C_LANGUAGE_STANDARD = gnu11;
				GCC_DYNAMIC_NO_PIC = NO;
				GCC_NO_COMMON_BLOCKS = YES;
				GCC_OPTIMIZATION_LEVEL = 0;
				GCC_PREPROCESSOR_DEFINITIONS = (
					"DEBUG=1",
					"$(inherited)",
				);
				GCC_WARN_64_TO_32_BIT_CONVERSION = YES;
				GCC_WARN_ABOUT_RETURN_TYPE = YES_ERROR;
				GCC_WARN_UNDECLARED_SELECTOR = YES;
				GCC_WARN_UNINITIALIZED_AUTOS = YES_AGGRESSIVE;
				GCC_WARN_UNUSED_FUNCTION = YES;
				GCC_WARN_UNUSED_VARIABLE = YES;
				IPHONEOS_DEPLOYMENT_TARGET = 11.2;
				MTL_ENABLE_DEBUG_INFO = YES;
				ONLY_ACTIVE_ARCH = YES;
				SDKROOT = iphoneos;
			};
			name = Debug;
		};
		6A7B153D204FF92200EFC9B8 /* Release */ = {
			isa = XCBuildConfiguration;
			buildSettings = {
				ALWAYS_SEARCH_USER_PATHS = NO;
				CLANG_ANALYZER_NONNULL = YES;
				CLANG_ANALYZER_NUMBER_OBJECT_CONVERSION = YES_AGGRESSIVE;
				CLANG_CXX_LANGUAGE_STANDARD = "gnu++14";
				CLANG_CXX_LIBRARY = "libc++";
				CLANG_ENABLE_MODULES = YES;
				CLANG_ENABLE_OBJC_ARC = YES;
				CLANG_WARN_BLOCK_CAPTURE_AUTORELEASING = YES;
				CLANG_WARN_BOOL_CONVERSION = YES;
				CLANG_WARN_COMMA = YES;
				CLANG_WARN_CONSTANT_CONVERSION = YES;
				CLANG_WARN_DIRECT_OBJC_ISA_USAGE = YES_ERROR;
				CLANG_WARN_DOCUMENTATION_COMMENTS = YES;
				CLANG_WARN_EMPTY_BODY = YES;
				CLANG_WARN_ENUM_CONVERSION = YES;
				CLANG_WARN_INFINITE_RECURSION = YES;
				CLANG_WARN_INT_CONVERSION = YES;
				CLANG_WARN_NON_LITERAL_NULL_CONVERSION = YES;
				CLANG_WARN_OBJC_LITERAL_CONVERSION = YES;
				CLANG_WARN_OBJC_ROOT_CLASS = YES_ERROR;
				CLANG_WARN_RANGE_LOOP_ANALYSIS = YES;
				CLANG_WARN_STRICT_PROTOTYPES = YES;
				CLANG_WARN_SUSPICIOUS_MOVE = YES;
				CLANG_WARN_UNGUARDED_AVAILABILITY = YES_AGGRESSIVE;
				CLANG_WARN_UNREACHABLE_CODE = YES;
				CLANG_WARN__DUPLICATE_METHOD_MATCH = YES;
				CODE_SIGN_IDENTITY = "iPhone Developer";
				COPY_PHASE_STRIP = NO;
				DEBUG_INFORMATION_FORMAT = "dwarf-with-dsym";
				ENABLE_NS_ASSERTIONS = NO;
				ENABLE_STRICT_OBJC_MSGSEND = YES;
				GCC_C_LANGUAGE_STANDARD = gnu11;
				GCC_NO_COMMON_BLOCKS = YES;
				GCC_WARN_64_TO_32_BIT_CONVERSION = YES;
				GCC_WARN_ABOUT_RETURN_TYPE = YES_ERROR;
				GCC_WARN_UNDECLARED_SELECTOR = YES;
				GCC_WARN_UNINITIALIZED_AUTOS = YES_AGGRESSIVE;
				GCC_WARN_UNUSED_FUNCTION = YES;
				GCC_WARN_UNUSED_VARIABLE = YES;
				IPHONEOS_DEPLOYMENT_TARGET = 11.2;
				MTL_ENABLE_DEBUG_INFO = NO;
				SDKROOT = iphoneos;
				VALIDATE_PRODUCT = YES;
			};
			name = Release;
		};
		6A7B153F204FF92200EFC9B8 /* Debug */ = {
			isa = XCBuildConfiguration;
			baseConfigurationReference = 55D9BF925E1AE7560D83B2AB /* Pods-Sales.debug.xcconfig */;
			buildSettings = {
				ASSETCATALOG_COMPILER_APPICON_NAME = AppIcon;
				"CODE_SIGN_IDENTITY[sdk=iphoneos*]" = "iPhone Developer";
				CODE_SIGN_STYLE = Automatic;
				DEVELOPMENT_TEAM = JEAYLPQ773;
				GCC_PREFIX_HEADER = "$(SRCROOT)/Sales/PrefixHeader.pch";
				INFOPLIST_FILE = Sales/Info.plist;
				IPHONEOS_DEPLOYMENT_TARGET = 9.3;
				LD_RUNPATH_SEARCH_PATHS = "$(inherited) @executable_path/Frameworks";
				PRODUCT_BUNDLE_IDENTIFIER = zzuli.cn.testW;
				PRODUCT_NAME = "$(TARGET_NAME)";
				PROVISIONING_PROFILE_SPECIFIER = "";
				TARGETED_DEVICE_FAMILY = "1,2";
			};
			name = Debug;
		};
		6A7B1540204FF92200EFC9B8 /* Release */ = {
			isa = XCBuildConfiguration;
			baseConfigurationReference = 4F9AD6E0DD45285980590E5A /* Pods-Sales.release.xcconfig */;
			buildSettings = {
				ASSETCATALOG_COMPILER_APPICON_NAME = AppIcon;
				"CODE_SIGN_IDENTITY[sdk=iphoneos*]" = "iPhone Developer";
				CODE_SIGN_STYLE = Automatic;
				DEVELOPMENT_TEAM = JEAYLPQ773;
				GCC_PREFIX_HEADER = "$(SRCROOT)/Sales/PrefixHeader.pch";
				INFOPLIST_FILE = Sales/Info.plist;
				IPHONEOS_DEPLOYMENT_TARGET = 9.3;
				LD_RUNPATH_SEARCH_PATHS = "$(inherited) @executable_path/Frameworks";
				PRODUCT_BUNDLE_IDENTIFIER = zzuli.cn.testW;
				PRODUCT_NAME = "$(TARGET_NAME)";
				PROVISIONING_PROFILE_SPECIFIER = "";
				TARGETED_DEVICE_FAMILY = "1,2";
			};
			name = Release;
		};
/* End XCBuildConfiguration section */

/* Begin XCConfigurationList section */
		6A7B1523204FF92100EFC9B8 /* Build configuration list for PBXProject "Sales" */ = {
			isa = XCConfigurationList;
			buildConfigurations = (
				6A7B153C204FF92200EFC9B8 /* Debug */,
				6A7B153D204FF92200EFC9B8 /* Release */,
			);
			defaultConfigurationIsVisible = 0;
			defaultConfigurationName = Release;
		};
		6A7B153E204FF92200EFC9B8 /* Build configuration list for PBXNativeTarget "Sales" */ = {
			isa = XCConfigurationList;
			buildConfigurations = (
				6A7B153F204FF92200EFC9B8 /* Debug */,
				6A7B1540204FF92200EFC9B8 /* Release */,
			);
			defaultConfigurationIsVisible = 0;
			defaultConfigurationName = Release;
		};
/* End XCConfigurationList section */
	};
	rootObject = 6A7B1520204FF92100EFC9B8 /* Project object */;
}
